
Microsoft Visual Studio Solution File, Format Version 12.00
# Visual Studio 15
VisualStudioVersion = 15.0.27004.2005
MinimumVisualStudioVersion = 10.0.40219.1
Project("{FAE04EC0-301F-11D3-BF4B-00C04F79EFBC}") = "InputValidation", "InputValidation\InputValidation.csproj", "{01BC4910-31C8-4FBE-A82B-CD025F45AFD5}"
	ProjectSection(ProjectDependencies) = postProject
		{7D1C9394-C097-4F76-A162-67ADFABD51A8} = {7D1C9394-C097-4F76-A162-67ADFABD51A8}
	EndProjectSection
EndProject
Project("{FAE04EC0-301F-11D3-BF4B-00C04F79EFBC}") = "ConvertTextFileToDifferentEncodingType", "ConvertTextFileToDifferentEncodingType\ConvertTextFileToDifferentEncodingType.csproj", "{199FD61D-7EAD-4590-81DB-A0150AC8C8F2}"
EndProject
Project("{FAE04EC0-301F-11D3-BF4B-00C04F79EFBC}") = "InputValidationTest", "InputValidationTest\InputValidationTest.csproj", "{A8239EFD-2BAD-4470-B11C-2BC87D0392E0}"
	ProjectSection(ProjectDependencies) = postProject
		{01BC4910-31C8-4FBE-A82B-CD025F45AFD5} = {01BC4910-31C8-4FBE-A82B-CD025F45AFD5}
	EndProjectSection
EndProject
Project("{FAE04EC0-301F-11D3-BF4B-00C04F79EFBC}") = "SerializePeople", "SerializePeople\SerializePeople.csproj", "{7D1C9394-C097-4F76-A162-67ADFABD51A8}"
EndProject
Project("{FAE04EC0-301F-11D3-BF4B-00C04F79EFBC}") = "SerializePeopleTest", "SerializePeopleTest\SerializePeopleTest.csproj", "{87C35B4C-EFC4-4CC0-87B9-FA6D1A23448C}"
	ProjectSection(ProjectDependencies) = postProject
		{7D1C9394-C097-4F76-A162-67ADFABD51A8} = {7D1C9394-C097-4F76-A162-67ADFABD51A8}
	EndProjectSection
EndProject
Project("{FAE04EC0-301F-11D3-BF4B-00C04F79EFBC}") = "SimpleThreadingDemo", "SimpleThreadingDemo\SimpleThreadingDemo.csproj", "{A28C74A3-9227-4DA5-90B5-84D99051C610}"
EndProject
Project("{FAE04EC0-301F-11D3-BF4B-00C04F79EFBC}") = "SingleInstance", "SingleInstance\SingleInstance.csproj", "{34E11A66-FCC5-4C06-B4C3-C66578BFE1D6}"
EndProject
Project("{FAE04EC0-301F-11D3-BF4B-00C04F79EFBC}") = "ThreadPoolDemo", "ThreadPoolDemo\ThreadPoolDemo.csproj", "{B79821CD-2507-4C3B-92FE-317175CE823B}"
EndProject
Global
	GlobalSection(SolutionConfigurationPlatforms) = preSolution
		Debug|Any CPU = Debug|Any CPU
		Debug|x86 = Debug|x86
		Release|Any CPU = Release|Any CPU
		Release|x86 = Release|x86
	EndGlobalSection
	GlobalSection(ProjectConfigurationPlatforms) = postSolution
		{01BC4910-31C8-4FBE-A82B-CD025F45AFD5}.Debug|Any CPU.ActiveCfg = Debug|Any CPU
		{01BC4910-31C8-4FBE-A82B-CD025F45AFD5}.Debug|Any CPU.Build.0 = Debug|Any CPU
		{01BC4910-31C8-4FBE-A82B-CD025F45AFD5}.Debug|x86.ActiveCfg = Debug|Any CPU
		{01BC4910-31C8-4FBE-A82B-CD025F45AFD5}.Debug|x86.Build.0 = Debug|Any CPU
		{01BC4910-31C8-4FBE-A82B-CD025F45AFD5}.Release|Any CPU.ActiveCfg = Release|Any CPU
		{01BC4910-31C8-4FBE-A82B-CD025F45AFD5}.Release|Any CPU.Build.0 = Release|Any CPU
		{01BC4910-31C8-4FBE-A82B-CD025F45AFD5}.Release|x86.ActiveCfg = Release|Any CPU
		{01BC4910-31C8-4FBE-A82B-CD025F45AFD5}.Release|x86.Build.0 = Release|Any CPU
		{199FD61D-7EAD-4590-81DB-A0150AC8C8F2}.Debug|Any CPU.ActiveCfg = Debug|Any CPU
		{199FD61D-7EAD-4590-81DB-A0150AC8C8F2}.Debug|Any CPU.Build.0 = Debug|Any CPU
		{199FD61D-7EAD-4590-81DB-A0150AC8C8F2}.Debug|x86.ActiveCfg = Debug|Any CPU
		{199FD61D-7EAD-4590-81DB-A0150AC8C8F2}.Debug|x86.Build.0 = Debug|Any CPU
		{199FD61D-7EAD-4590-81DB-A0150AC8C8F2}.Release|Any CPU.ActiveCfg = Release|Any CPU
		{199FD61D-7EAD-4590-81DB-A0150AC8C8F2}.Release|Any CPU.Build.0 = Release|Any CPU
		{199FD61D-7EAD-4590-81DB-A0150AC8C8F2}.Release|x86.ActiveCfg = Release|Any CPU
		{199FD61D-7EAD-4590-81DB-A0150AC8C8F2}.Release|x86.Build.0 = Release|Any CPU
		{A8239EFD-2BAD-4470-B11C-2BC87D0392E0}.Debug|Any CPU.ActiveCfg = Debug|Any CPU
		{A8239EFD-2BAD-4470-B11C-2BC87D0392E0}.Debug|Any CPU.Build.0 = Debug|Any CPU
		{A8239EFD-2BAD-4470-B11C-2BC87D0392E0}.Debug|x86.ActiveCfg = Debug|Any CPU
		{A8239EFD-2BAD-4470-B11C-2BC87D0392E0}.Debug|x86.Build.0 = Debug|Any CPU
		{A8239EFD-2BAD-4470-B11C-2BC87D0392E0}.Release|Any CPU.ActiveCfg = Release|Any CPU
		{A8239EFD-2BAD-4470-B11C-2BC87D0392E0}.Release|Any CPU.Build.0 = Release|Any CPU
		{A8239EFD-2BAD-4470-B11C-2BC87D0392E0}.Release|x86.ActiveCfg = Release|Any CPU
		{A8239EFD-2BAD-4470-B11C-2BC87D0392E0}.Release|x86.Build.0 = Release|Any CPU
		{7D1C9394-C097-4F76-A162-67ADFABD51A8}.Debug|Any CPU.ActiveCfg = Debug|Any CPU
		{7D1C9394-C097-4F76-A162-67ADFABD51A8}.Debug|Any CPU.Build.0 = Debug|Any CPU
		{7D1C9394-C097-4F76-A162-67ADFABD51A8}.Debug|x86.ActiveCfg = Debug|Any CPU
		{7D1C9394-C097-4F76-A162-67ADFABD51A8}.Debug|x86.Build.0 = Debug|Any CPU
		{7D1C9394-C097-4F76-A162-67ADFABD51A8}.Release|Any CPU.ActiveCfg = Release|Any CPU
		{7D1C9394-C097-4F76-A162-67ADFABD51A8}.Release|Any CPU.Build.0 = Release|Any CPU
		{7D1C9394-C097-4F76-A162-67ADFABD51A8}.Release|x86.ActiveCfg = Release|Any CPU
		{7D1C9394-C097-4F76-A162-67ADFABD51A8}.Release|x86.Build.0 = Release|Any CPU
		{87C35B4C-EFC4-4CC0-87B9-FA6D1A23448C}.Debug|Any CPU.ActiveCfg = Debug|Any CPU
		{87C35B4C-EFC4-4CC0-87B9-FA6D1A23448C}.Debug|Any CPU.Build.0 = Debug|Any CPU
		{87C35B4C-EFC4-4CC0-87B9-FA6D1A23448C}.Debug|x86.ActiveCfg = Debug|Any CPU
		{87C35B4C-EFC4-4CC0-87B9-FA6D1A23448C}.Debug|x86.Build.0 = Debug|Any CPU
		{87C35B4C-EFC4-4CC0-87B9-FA6D1A23448C}.Release|Any CPU.ActiveCfg = Release|Any CPU
		{87C35B4C-EFC4-4CC0-87B9-FA6D1A23448C}.Release|Any CPU.Build.0 = Release|Any CPU
		{87C35B4C-EFC4-4CC0-87B9-FA6D1A23448C}.Release|x86.ActiveCfg = Release|Any CPU
		{87C35B4C-EFC4-4CC0-87B9-FA6D1A23448C}.Release|x86.Build.0 = Release|Any CPU
		{A28C74A3-9227-4DA5-90B5-84D99051C610}.Debug|Any CPU.ActiveCfg = Debug|Any CPU
		{A28C74A3-9227-4DA5-90B5-84D99051C610}.Debug|Any CPU.Build.0 = Debug|Any CPU
		{A28C74A3-9227-4DA5-90B5-84D99051C610}.Debug|x86.ActiveCfg = Debug|Any CPU
		{A28C74A3-9227-4DA5-90B5-84D99051C610}.Debug|x86.Build.0 = Debug|Any CPU
		{A28C74A3-9227-4DA5-90B5-84D99051C610}.Release|Any CPU.ActiveCfg = Release|Any CPU
		{A28C74A3-9227-4DA5-90B5-84D99051C610}.Release|Any CPU.Build.0 = Release|Any CPU
		{A28C74A3-9227-4DA5-90B5-84D99051C610}.Release|x86.ActiveCfg = Release|Any CPU
		{A28C74A3-9227-4DA5-90B5-84D99051C610}.Release|x86.Build.0 = Release|Any CPU
		{34E11A66-FCC5-4C06-B4C3-C66578BFE1D6}.Debug|Any CPU.ActiveCfg = Debug|Any CPU
		{34E11A66-FCC5-4C06-B4C3-C66578BFE1D6}.Debug|Any CPU.Build.0 = Debug|Any CPU
		{34E11A66-FCC5-4C06-B4C3-C66578BFE1D6}.Debug|x86.ActiveCfg = Debug|Any CPU
		{34E11A66-FCC5-4C06-B4C3-C66578BFE1D6}.Debug|x86.Build.0 = Debug|Any CPU
		{34E11A66-FCC5-4C06-B4C3-C66578BFE1D6}.Release|Any CPU.ActiveCfg = Release|Any CPU
		{34E11A66-FCC5-4C06-B4C3-C66578BFE1D6}.Release|Any CPU.Build.0 = Release|Any CPU
		{34E11A66-FCC5-4C06-B4C3-C66578BFE1D6}.Release|x86.ActiveCfg = Release|Any CPU
		{34E11A66-FCC5-4C06-B4C3-C66578BFE1D6}.Release|x86.Build.0 = Release|Any CPU
		{B79821CD-2507-4C3B-92FE-317175CE823B}.Debug|Any CPU.ActiveCfg = Debug|Any CPU
		{B79821CD-2507-4C3B-92FE-317175CE823B}.Debug|Any CPU.Build.0 = Debug|Any CPU
		{B79821CD-2507-4C3B-92FE-317175CE823B}.Debug|x86.ActiveCfg = Debug|Any CPU
		{B79821CD-2507-4C3B-92FE-317175CE823B}.Debug|x86.Build.0 = Debug|Any CPU
		{B79821CD-2507-4C3B-92FE-317175CE823B}.Release|Any CPU.ActiveCfg = Release|Any CPU
		{B79821CD-2507-4C3B-92FE-317175CE823B}.Release|Any CPU.Build.0 = Release|Any CPU
		{B79821CD-2507-4C3B-92FE-317175CE823B}.Release|x86.ActiveCfg = Release|Any CPU
		{B79821CD-2507-4C3B-92FE-317175CE823B}.Release|x86.Build.0 = Release|Any CPU
	EndGlobalSection
	GlobalSection(SolutionProperties) = preSolution
		HideSolutionNode = FALSE
	EndGlobalSection
	GlobalSection(ExtensibilityGlobals) = postSolution
		SolutionGuid = {0019F7B2-20C6-4958-BFFB-BBF8B219C8A3}
	EndGlobalSection
EndGlobal
